
Microsoft Visual Studio Solution File, Format Version 12.00
# Visual Studio Version 17
VisualStudioVersion = 17.2.32526.322
MinimumVisualStudioVersion = 10.0.40219.1
Project("{9A19103F-16F7-4668-BE54-9A1E7A4F7556}") = "TransformableHitbox2D", "TransformableHitbox2D.csproj", "{E9B2DA6E-F64E-407E-BC60-95165587E87A}"
EndProject
Global
	GlobalSection(SolutionConfigurationPlatforms) = preSolution
		Debug|Any CPU = Debug|Any CPU
		Release|Any CPU = Release|Any CPU
	EndGlobalSection
	GlobalSection(ProjectConfigurationPlatforms) = postSolution
		{E9B2DA6E-F64E-407E-BC60-95165587E87A}.Debug|Any CPU.ActiveCfg = Debug|Any CPU
		{E9B2DA6E-F64E-407E-BC60-95165587E87A}.Debug|Any CPU.Build.0 = Debug|Any CPU
		{E9B2DA6E-F64E-407E-BC60-95165587E87A}.Release|Any CPU.ActiveCfg = Release|Any CPU
		{E9B2DA6E-F64E-407E-BC60-95165587E87A}.Release|Any CPU.Build.0 = Release|Any CPU
	EndGlobalSection
	GlobalSection(SolutionProperties) = preSolution
		HideSolutionNode = FALSE
	EndGlobalSection
	GlobalSection(ExtensibilityGlobals) = postSolution
		SolutionGuid = {965E4FA7-08D1-4BBE-952A-0508240E65BB}
	EndGlobalSection
EndGlobal
